// !$*UTF8*$!
{
	archiveVersion = 1;
	classes = {
	};
	objectVersion = 52;
	objects = {

/* Begin PBXBuildFile section */
		004D0E400B3CDF3EAE9B57A0 /* AmplifyModels.swift in Sources */ = {isa = PBXBuildFile; fileRef = 4DD05637C628A15F21ABF3DF /* AmplifyModels.swift */; };
		1C76AD215DC82CE534AB13FD /* awsconfiguration.json in Resources */ = {isa = PBXBuildFile; fileRef = D290AF16A7F097CCFF4DF5C5 /* awsconfiguration.json */; };
		355368803DAB909E1FCC60C4 /* awsconfiguration.json in Resources */ = {isa = PBXBuildFile; fileRef = D290AF16A7F097CCFF4DF5C5 /* awsconfiguration.json */; };
		6267F856753A8761CB9687C8 /* amplifyconfiguration.json in Resources */ = {isa = PBXBuildFile; fileRef = 7FAFE1F4DC034C63EA1D3941 /* amplifyconfiguration.json */; };
		75AE92CCE5F387CA408364E7 /* amplifyconfiguration.json in Resources */ = {isa = PBXBuildFile; fileRef = 7FAFE1F4DC034C63EA1D3941 /* amplifyconfiguration.json */; };
		CAFD0B669A8DCB0297CA1C45 /* Priority.swift in Sources */ = {isa = PBXBuildFile; fileRef = FD4125FA09FE42D2BBDE42DA /* Priority.swift */; };
		DD15DD1FF6E4E989555731C5 /* Todo.swift in Sources */ = {isa = PBXBuildFile; fileRef = 5FD06EC5816AC8A8C0A73A97 /* Todo.swift */; };
		DD55D55F265EC1BE0090008A /* Amplify in Frameworks */ = {isa = PBXBuildFile; productRef = DD55D55E265EC1BE0090008A /* Amplify */; };
		DD55D561265EC1BE0090008A /* AWSCognitoAuthPlugin in Frameworks */ = {isa = PBXBuildFile; productRef = DD55D560265EC1BE0090008A /* AWSCognitoAuthPlugin */; };
		DD55D563265EC1BE0090008A /* AWSS3StoragePlugin in Frameworks */ = {isa = PBXBuildFile; productRef = DD55D562265EC1BE0090008A /* AWSS3StoragePlugin */; };
		DD55D565265EC1BE0090008A /* AWSPluginsCore in Frameworks */ = {isa = PBXBuildFile; productRef = DD55D564265EC1BE0090008A /* AWSPluginsCore */; };
		DD55D567265EC1BE0090008A /* AWSPinpointAnalyticsPlugin in Frameworks */ = {isa = PBXBuildFile; productRef = DD55D566265EC1BE0090008A /* AWSPinpointAnalyticsPlugin */; };
		DD55D569265EC1BE0090008A /* AWSDataStorePlugin in Frameworks */ = {isa = PBXBuildFile; productRef = DD55D568265EC1BE0090008A /* AWSDataStorePlugin */; };
		DD55D56B265EC1BE0090008A /* AWSAPIPlugin in Frameworks */ = {isa = PBXBuildFile; productRef = DD55D56A265EC1BE0090008A /* AWSAPIPlugin */; };
		DD55D56E265EC1DA0090008A /* AmplifyAuth.swift in Sources */ = {isa = PBXBuildFile; fileRef = DD55D56D265EC1DA0090008A /* AmplifyAuth.swift */; };
		DD55D571265EC84E0090008A /* AmplifySync.swift in Sources */ = {isa = PBXBuildFile; fileRef = DD55D570265EC84E0090008A /* AmplifySync.swift */; };
		DD55D574265ECA190090008A /* AmplifyDataStore.swift in Sources */ = {isa = PBXBuildFile; fileRef = DD55D573265ECA190090008A /* AmplifyDataStore.swift */; };
		DD55D577265ECA750090008A /* AmplifyStorage.swift in Sources */ = {isa = PBXBuildFile; fileRef = DD55D576265ECA750090008A /* AmplifyStorage.swift */; };
		DD55D57A265ECB730090008A /* AmplifyAnalytics.swift in Sources */ = {isa = PBXBuildFile; fileRef = DD55D579265ECB730090008A /* AmplifyAnalytics.swift */; };
		DDE731A4265D440500DC042B /* AppDelegate.swift in Sources */ = {isa = PBXBuildFile; fileRef = DDE731A3265D440500DC042B /* AppDelegate.swift */; };
		DDE731A6265D440500DC042B /* SceneDelegate.swift in Sources */ = {isa = PBXBuildFile; fileRef = DDE731A5265D440500DC042B /* SceneDelegate.swift */; };
		DDE731A8265D440500DC042B /* ViewController.swift in Sources */ = {isa = PBXBuildFile; fileRef = DDE731A7265D440500DC042B /* ViewController.swift */; };
		DDE731AB265D440500DC042B /* Main.storyboard in Resources */ = {isa = PBXBuildFile; fileRef = DDE731A9265D440500DC042B /* Main.storyboard */; };
		DDE731AD265D440600DC042B /* Assets.xcassets in Resources */ = {isa = PBXBuildFile; fileRef = DDE731AC265D440600DC042B /* Assets.xcassets */; };
		DDE731C6265D637100DC042B /* AmplifyInteractor.swift in Sources */ = {isa = PBXBuildFile; fileRef = DDE731C5265D637100DC042B /* AmplifyInteractor.swift */; };
		E142BB9E12DC6A1907B3DCAB /* Todo+Schema.swift in Sources */ = {isa = PBXBuildFile; fileRef = D4F4C612431C33176A4AC6D9 /* Todo+Schema.swift */; };
/* End PBXBuildFile section */

/* Begin PBXFileReference section */
		4DD05637C628A15F21ABF3DF /* AmplifyModels.swift */ = {isa = PBXFileReference; explicitFileType = sourcecode.swift; path = AmplifyModels.swift; sourceTree = "<group>"; };
		5FD06EC5816AC8A8C0A73A97 /* Todo.swift */ = {isa = PBXFileReference; explicitFileType = sourcecode.swift; path = Todo.swift; sourceTree = "<group>"; };
		7FAFE1F4DC034C63EA1D3941 /* amplifyconfiguration.json */ = {isa = PBXFileReference; explicitFileType = text.json; path = amplifyconfiguration.json; sourceTree = "<group>"; };
		D290AF16A7F097CCFF4DF5C5 /* awsconfiguration.json */ = {isa = PBXFileReference; explicitFileType = text.json; path = awsconfiguration.json; sourceTree = "<group>"; };
		D4F4C612431C33176A4AC6D9 /* Todo+Schema.swift */ = {isa = PBXFileReference; explicitFileType = sourcecode.swift; path = "Todo+Schema.swift"; sourceTree = "<group>"; };
		DD55D56D265EC1DA0090008A /* AmplifyAuth.swift */ = {isa = PBXFileReference; lastKnownFileType = sourcecode.swift; path = AmplifyAuth.swift; sourceTree = "<group>"; };
		DD55D570265EC84E0090008A /* AmplifySync.swift */ = {isa = PBXFileReference; lastKnownFileType = sourcecode.swift; path = AmplifySync.swift; sourceTree = "<group>"; };
		DD55D573265ECA190090008A /* AmplifyDataStore.swift */ = {isa = PBXFileReference; lastKnownFileType = sourcecode.swift; path = AmplifyDataStore.swift; sourceTree = "<group>"; };
		DD55D576265ECA750090008A /* AmplifyStorage.swift */ = {isa = PBXFileReference; lastKnownFileType = sourcecode.swift; path = AmplifyStorage.swift; sourceTree = "<group>"; };
		DD55D579265ECB730090008A /* AmplifyAnalytics.swift */ = {isa = PBXFileReference; lastKnownFileType = sourcecode.swift; path = AmplifyAnalytics.swift; sourceTree = "<group>"; };
		DDE731A0265D440500DC042B /* CompleteiOSAWSDeveloper.app */ = {isa = PBXFileReference; explicitFileType = wrapper.application; includeInIndex = 0; path = CompleteiOSAWSDeveloper.app; sourceTree = BUILT_PRODUCTS_DIR; };
		DDE731A3265D440500DC042B /* AppDelegate.swift */ = {isa = PBXFileReference; lastKnownFileType = sourcecode.swift; path = AppDelegate.swift; sourceTree = "<group>"; };
		DDE731A5265D440500DC042B /* SceneDelegate.swift */ = {isa = PBXFileReference; lastKnownFileType = sourcecode.swift; path = SceneDelegate.swift; sourceTree = "<group>"; };
		DDE731A7265D440500DC042B /* ViewController.swift */ = {isa = PBXFileReference; lastKnownFileType = sourcecode.swift; path = ViewController.swift; sourceTree = "<group>"; };
		DDE731AA265D440500DC042B /* Base */ = {isa = PBXFileReference; lastKnownFileType = file.storyboard; name = Base; path = Base.lproj/Main.storyboard; sourceTree = "<group>"; };
		DDE731AC265D440600DC042B /* Assets.xcassets */ = {isa = PBXFileReference; lastKnownFileType = folder.assetcatalog; path = Assets.xcassets; sourceTree = "<group>"; };
		DDE731B1265D440600DC042B /* Info.plist */ = {isa = PBXFileReference; lastKnownFileType = text.plist.xml; path = Info.plist; sourceTree = "<group>"; };
		DDE731C5265D637100DC042B /* AmplifyInteractor.swift */ = {isa = PBXFileReference; lastKnownFileType = sourcecode.swift; path = AmplifyInteractor.swift; sourceTree = "<group>"; };
		FD4125FA09FE42D2BBDE42DA /* Priority.swift */ = {isa = PBXFileReference; explicitFileType = sourcecode.swift; path = Priority.swift; sourceTree = "<group>"; };
/* End PBXFileReference section */

/* Begin PBXFrameworksBuildPhase section */
		DDE7319D265D440500DC042B /* Frameworks */ = {
			isa = PBXFrameworksBuildPhase;
			buildActionMask = 2147483647;
			files = (
				DD55D565265EC1BE0090008A /* AWSPluginsCore in Frameworks */,
				DD55D55F265EC1BE0090008A /* Amplify in Frameworks */,
				DD55D56B265EC1BE0090008A /* AWSAPIPlugin in Frameworks */,
				DD55D567265EC1BE0090008A /* AWSPinpointAnalyticsPlugin in Frameworks */,
				DD55D569265EC1BE0090008A /* AWSDataStorePlugin in Frameworks */,
				DD55D561265EC1BE0090008A /* AWSCognitoAuthPlugin in Frameworks */,
				DD55D563265EC1BE0090008A /* AWSS3StoragePlugin in Frameworks */,
			);
			runOnlyForDeploymentPostprocessing = 0;
		};
/* End PBXFrameworksBuildPhase section */

/* Begin PBXGroup section */
		05138FBC8C4F6B117A2E233F /* AmplifyConfig */ = {
			isa = PBXGroup;
			children = (
				D290AF16A7F097CCFF4DF5C5 /* awsconfiguration.json */,
				7FAFE1F4DC034C63EA1D3941 /* amplifyconfiguration.json */,
			);
			name = AmplifyConfig;
			sourceTree = "<group>";
		};
		5F5A0DF09DB814C824B60E51 /* Models */ = {
			isa = PBXGroup;
			children = (
				4DD05637C628A15F21ABF3DF /* AmplifyModels.swift */,
				FD4125FA09FE42D2BBDE42DA /* Priority.swift */,
				D4F4C612431C33176A4AC6D9 /* Todo+Schema.swift */,
				5FD06EC5816AC8A8C0A73A97 /* Todo.swift */,
			);
			name = Models;
			path = ../../..;
			sourceTree = "<group>";
		};
		DDE73197265D440500DC042B = {
			isa = PBXGroup;
			children = (
				DDE731A2265D440500DC042B /* CompleteiOSAWSDeveloper */,
				DDE731A1265D440500DC042B /* Products */,
				05138FBC8C4F6B117A2E233F /* AmplifyConfig */,
			);
			sourceTree = "<group>";
		};
		DDE731A1265D440500DC042B /* Products */ = {
			isa = PBXGroup;
			children = (
				DDE731A0265D440500DC042B /* CompleteiOSAWSDeveloper.app */,
			);
			name = Products;
			sourceTree = "<group>";
		};
		DDE731A2265D440500DC042B /* CompleteiOSAWSDeveloper */ = {
			isa = PBXGroup;
			children = (
				DDE731C4265D635F00DC042B /* AWS */,
				DDE731B9265D443800DC042B /* View */,
				DDE731BB265D444600DC042B /* Controller */,
				DDE731B8265D442100DC042B /* Resource */,
				DDE731AC265D440600DC042B /* Assets.xcassets */,
			);
			path = CompleteiOSAWSDeveloper;
			sourceTree = "<group>";
		};
		DDE731B8265D442100DC042B /* Resource */ = {
			isa = PBXGroup;
			children = (
				DDE731A3265D440500DC042B /* AppDelegate.swift */,
				DDE731A5265D440500DC042B /* SceneDelegate.swift */,
				DDE731B1265D440600DC042B /* Info.plist */,
			);
			path = Resource;
			sourceTree = "<group>";
		};
		DDE731B9265D443800DC042B /* View */ = {
			isa = PBXGroup;
			children = (
				DDE731A9265D440500DC042B /* Main.storyboard */,
			);
			path = View;
			sourceTree = "<group>";
		};
		DDE731BB265D444600DC042B /* Controller */ = {
			isa = PBXGroup;
			children = (
				DDE731A7265D440500DC042B /* ViewController.swift */,
			);
			path = Controller;
			sourceTree = "<group>";
		};
		DDE731C4265D635F00DC042B /* AWS */ = {
			isa = PBXGroup;
			children = (
				DDE731D3265D6EA200DC042B /* Amplify */,
			);
			path = AWS;
			sourceTree = "<group>";
		};
		DDE731D3265D6EA200DC042B /* Amplify */ = {
			isa = PBXGroup;
			children = (
				DDE731D4265D6EAB00DC042B /* Interactor */,
				5F5A0DF09DB814C824B60E51 /* Models */,
			);
			path = Amplify;
			sourceTree = "<group>";
		};
		DDE731D4265D6EAB00DC042B /* Interactor */ = {
			isa = PBXGroup;
			children = (
				DDE731C5265D637100DC042B /* AmplifyInteractor.swift */,
				DD55D56D265EC1DA0090008A /* AmplifyAuth.swift */,
				DD55D570265EC84E0090008A /* AmplifySync.swift */,
				DD55D573265ECA190090008A /* AmplifyDataStore.swift */,
				DD55D576265ECA750090008A /* AmplifyStorage.swift */,
				DD55D579265ECB730090008A /* AmplifyAnalytics.swift */,
			);
			path = Interactor;
			sourceTree = "<group>";
		};
/* End PBXGroup section */

/* Begin PBXNativeTarget section */
		DDE7319F265D440500DC042B /* CompleteiOSAWSDeveloper */ = {
			isa = PBXNativeTarget;
			buildConfigurationList = DDE731B4265D440600DC042B /* Build configuration list for PBXNativeTarget "CompleteiOSAWSDeveloper" */;
			buildPhases = (
				DDE7319C265D440500DC042B /* Sources */,
				DDE7319D265D440500DC042B /* Frameworks */,
				DDE7319E265D440500DC042B /* Resources */,
			);
			buildRules = (
			);
			dependencies = (
			);
			name = CompleteiOSAWSDeveloper;
			packageProductDependencies = (
				DD55D55E265EC1BE0090008A /* Amplify */,
				DD55D560265EC1BE0090008A /* AWSCognitoAuthPlugin */,
				DD55D562265EC1BE0090008A /* AWSS3StoragePlugin */,
				DD55D564265EC1BE0090008A /* AWSPluginsCore */,
				DD55D566265EC1BE0090008A /* AWSPinpointAnalyticsPlugin */,
				DD55D568265EC1BE0090008A /* AWSDataStorePlugin */,
				DD55D56A265EC1BE0090008A /* AWSAPIPlugin */,
			);
			productName = CompleteiOSAWSDeveloper;
			productReference = DDE731A0265D440500DC042B /* CompleteiOSAWSDeveloper.app */;
			productType = "com.apple.product-type.application";
		};
/* End PBXNativeTarget section */

/* Begin PBXProject section */
		DDE73198265D440500DC042B /* Project object */ = {
			isa = PBXProject;
			attributes = {
				LastSwiftUpdateCheck = 1240;
				LastUpgradeCheck = 1240;
				TargetAttributes = {
					DDE7319F265D440500DC042B = {
						CreatedOnToolsVersion = 12.4;
					};
				};
			};
			buildConfigurationList = DDE7319B265D440500DC042B /* Build configuration list for PBXProject "CompleteiOSAWSDeveloper" */;
			compatibilityVersion = "Xcode 9.3";
			developmentRegion = en;
			hasScannedForEncodings = 0;
			knownRegions = (
				en,
				Base,
			);
			mainGroup = DDE73197265D440500DC042B;
			packageReferences = (
				DD55D55D265EC1BE0090008A /* XCRemoteSwiftPackageReference "amplify-ios" */,
			);
			productRefGroup = DDE731A1265D440500DC042B /* Products */;
			projectDirPath = "";
			projectRoot = "";
			targets = (
				DDE7319F265D440500DC042B /* CompleteiOSAWSDeveloper */,
			);
		};
/* End PBXProject section */

/* Begin PBXResourcesBuildPhase section */
		DDE7319E265D440500DC042B /* Resources */ = {
			isa = PBXResourcesBuildPhase;
			buildActionMask = 2147483647;
			files = (
				DDE731AD265D440600DC042B /* Assets.xcassets in Resources */,
				DDE731AB265D440500DC042B /* Main.storyboard in Resources */,
				355368803DAB909E1FCC60C4 /* awsconfiguration.json in Resources */,
				6267F856753A8761CB9687C8 /* amplifyconfiguration.json in Resources */,
				1C76AD215DC82CE534AB13FD /* awsconfiguration.json in Resources */,
				75AE92CCE5F387CA408364E7 /* amplifyconfiguration.json in Resources */,
			);
			runOnlyForDeploymentPostprocessing = 0;
		};
/* End PBXResourcesBuildPhase section */

/* Begin PBXSourcesBuildPhase section */
		DDE7319C265D440500DC042B /* Sources */ = {
			isa = PBXSourcesBuildPhase;
			buildActionMask = 2147483647;
			files = (
				DDE731A8265D440500DC042B /* ViewController.swift in Sources */,
				DDE731A4265D440500DC042B /* AppDelegate.swift in Sources */,
				DDE731A6265D440500DC042B /* SceneDelegate.swift in Sources */,
				DD55D571265EC84E0090008A /* AmplifySync.swift in Sources */,
				DDE731C6265D637100DC042B /* AmplifyInteractor.swift in Sources */,
				004D0E400B3CDF3EAE9B57A0 /* AmplifyModels.swift in Sources */,
				DD55D577265ECA750090008A /* AmplifyStorage.swift in Sources */,
				CAFD0B669A8DCB0297CA1C45 /* Priority.swift in Sources */,
				DD55D57A265ECB730090008A /* AmplifyAnalytics.swift in Sources */,
				DD55D56E265EC1DA0090008A /* AmplifyAuth.swift in Sources */,
				DD55D574265ECA190090008A /* AmplifyDataStore.swift in Sources */,
				E142BB9E12DC6A1907B3DCAB /* Todo+Schema.swift in Sources */,
				DD15DD1FF6E4E989555731C5 /* Todo.swift in Sources */,
			);
			runOnlyForDeploymentPostprocessing = 0;
		};
/* End PBXSourcesBuildPhase section */

/* Begin PBXVariantGroup section */
		DDE731A9265D440500DC042B /* Main.storyboard */ = {
			isa = PBXVariantGroup;
			children = (
				DDE731AA265D440500DC042B /* Base */,
			);
			name = Main.storyboard;
			sourceTree = "<group>";
		};
/* End PBXVariantGroup section */

/* Begin XCBuildConfiguration section */
		DDE731B2265D440600DC042B /* Debug */ = {
			isa = XCBuildConfiguration;
			buildSettings = {
				ALWAYS_SEARCH_USER_PATHS = NO;
				CLANG_ANALYZER_NONNULL = YES;
				CLANG_ANALYZER_NUMBER_OBJECT_CONVERSION = YES_AGGRESSIVE;
				CLANG_CXX_LANGUAGE_STANDARD = "gnu++14";
				CLANG_CXX_LIBRARY = "libc++";
				CLANG_ENABLE_MODULES = YES;
				CLANG_ENABLE_OBJC_ARC = YES;
				CLANG_ENABLE_OBJC_WEAK = YES;
				CLANG_WARN_BLOCK_CAPTURE_AUTORELEASING = YES;
				CLANG_WARN_BOOL_CONVERSION = YES;
				CLANG_WARN_COMMA = YES;
				CLANG_WARN_CONSTANT_CONVERSION = YES;
				CLANG_WARN_DEPRECATED_OBJC_IMPLEMENTATIONS = YES;
				CLANG_WARN_DIRECT_OBJC_ISA_USAGE = YES_ERROR;
				CLANG_WARN_DOCUMENTATION_COMMENTS = YES;
				CLANG_WARN_EMPTY_BODY = YES;
				CLANG_WARN_ENUM_CONVERSION = YES;
				CLANG_WARN_INFINITE_RECURSION = YES;
				CLANG_WARN_INT_CONVERSION = YES;
				CLANG_WARN_NON_LITERAL_NULL_CONVERSION = YES;
				CLANG_WARN_OBJC_IMPLICIT_RETAIN_SELF = YES;
				CLANG_WARN_OBJC_LITERAL_CONVERSION = YES;
				CLANG_WARN_OBJC_ROOT_CLASS = YES_ERROR;
				CLANG_WARN_QUOTED_INCLUDE_IN_FRAMEWORK_HEADER = YES;
				CLANG_WARN_RANGE_LOOP_ANALYSIS = YES;
				CLANG_WARN_STRICT_PROTOTYPES = YES;
				CLANG_WARN_SUSPICIOUS_MOVE = YES;
				CLANG_WARN_UNGUARDED_AVAILABILITY = YES_AGGRESSIVE;
				CLANG_WARN_UNREACHABLE_CODE = YES;
				CLANG_WARN__DUPLICATE_METHOD_MATCH = YES;
				COPY_PHASE_STRIP = NO;
				DEBUG_INFORMATION_FORMAT = dwarf;
				ENABLE_STRICT_OBJC_MSGSEND = YES;
				ENABLE_TESTABILITY = YES;
				GCC_C_LANGUAGE_STANDARD = gnu11;
				GCC_DYNAMIC_NO_PIC = NO;
				GCC_NO_COMMON_BLOCKS = YES;
				GCC_OPTIMIZATION_LEVEL = 0;
				GCC_PREPROCESSOR_DEFINITIONS = (
					"DEBUG=1",
					"$(inherited)",
				);
				GCC_WARN_64_TO_32_BIT_CONVERSION = YES;
				GCC_WARN_ABOUT_RETURN_TYPE = YES_ERROR;
				GCC_WARN_UNDECLARED_SELECTOR = YES;
				GCC_WARN_UNINITIALIZED_AUTOS = YES_AGGRESSIVE;
				GCC_WARN_UNUSED_FUNCTION = YES;
				GCC_WARN_UNUSED_VARIABLE = YES;
				IPHONEOS_DEPLOYMENT_TARGET = 14.4;
				MTL_ENABLE_DEBUG_INFO = INCLUDE_SOURCE;
				MTL_FAST_MATH = YES;
				ONLY_ACTIVE_ARCH = YES;
				SDKROOT = iphoneos;
				SWIFT_ACTIVE_COMPILATION_CONDITIONS = DEBUG;
				SWIFT_OPTIMIZATION_LEVEL = "-Onone";
			};
			name = Debug;
		};
		DDE731B3265D440600DC042B /* Release */ = {
			isa = XCBuildConfiguration;
			buildSettings = {
				ALWAYS_SEARCH_USER_PATHS = NO;
				CLANG_ANALYZER_NONNULL = YES;
				CLANG_ANALYZER_NUMBER_OBJECT_CONVERSION = YES_AGGRESSIVE;
				CLANG_CXX_LANGUAGE_STANDARD = "gnu++14";
				CLANG_CXX_LIBRARY = "libc++";
				CLANG_ENABLE_MODULES = YES;
				CLANG_ENABLE_OBJC_ARC = YES;
				CLANG_ENABLE_OBJC_WEAK = YES;
				CLANG_WARN_BLOCK_CAPTURE_AUTORELEASING = YES;
				CLANG_WARN_BOOL_CONVERSION = YES;
				CLANG_WARN_COMMA = YES;
				CLANG_WARN_CONSTANT_CONVERSION = YES;
				CLANG_WARN_DEPRECATED_OBJC_IMPLEMENTATIONS = YES;
				CLANG_WARN_DIRECT_OBJC_ISA_USAGE = YES_ERROR;
				CLANG_WARN_DOCUMENTATION_COMMENTS = YES;
				CLANG_WARN_EMPTY_BODY = YES;
				CLANG_WARN_ENUM_CONVERSION = YES;
				CLANG_WARN_INFINITE_RECURSION = YES;
				CLANG_WARN_INT_CONVERSION = YES;
				CLANG_WARN_NON_LITERAL_NULL_CONVERSION = YES;
				CLANG_WARN_OBJC_IMPLICIT_RETAIN_SELF = YES;
				CLANG_WARN_OBJC_LITERAL_CONVERSION = YES;
				CLANG_WARN_OBJC_ROOT_CLASS = YES_ERROR;
				CLANG_WARN_QUOTED_INCLUDE_IN_FRAMEWORK_HEADER = YES;
				CLANG_WARN_RANGE_LOOP_ANALYSIS = YES;
				CLANG_WARN_STRICT_PROTOTYPES = YES;
				CLANG_WARN_SUSPICIOUS_MOVE = YES;
				CLANG_WARN_UNGUARDED_AVAILABILITY = YES_AGGRESSIVE;
				CLANG_WARN_UNREACHABLE_CODE = YES;
				CLANG_WARN__DUPLICATE_METHOD_MATCH = YES;
				COPY_PHASE_STRIP = NO;
				DEBUG_INFORMATION_FORMAT = "dwarf-with-dsym";
				ENABLE_NS_ASSERTIONS = NO;
				ENABLE_STRICT_OBJC_MSGSEND = YES;
				GCC_C_LANGUAGE_STANDARD = gnu11;
				GCC_NO_COMMON_BLOCKS = YES;
				GCC_WARN_64_TO_32_BIT_CONVERSION = YES;
				GCC_WARN_ABOUT_RETURN_TYPE = YES_ERROR;
				GCC_WARN_UNDECLARED_SELECTOR = YES;
				GCC_WARN_UNINITIALIZED_AUTOS = YES_AGGRESSIVE;
				GCC_WARN_UNUSED_FUNCTION = YES;
				GCC_WARN_UNUSED_VARIABLE = YES;
				IPHONEOS_DEPLOYMENT_TARGET = 14.4;
				MTL_ENABLE_DEBUG_INFO = NO;
				MTL_FAST_MATH = YES;
				SDKROOT = iphoneos;
				SWIFT_COMPILATION_MODE = wholemodule;
				SWIFT_OPTIMIZATION_LEVEL = "-O";
				VALIDATE_PRODUCT = YES;
			};
			name = Release;
		};
		DDE731B5265D440600DC042B /* Debug */ = {
			isa = XCBuildConfiguration;
			buildSettings = {
				ASSETCATALOG_COMPILER_APPICON_NAME = AppIcon;
				ASSETCATALOG_COMPILER_GLOBAL_ACCENT_COLOR_NAME = AccentColor;
				CODE_SIGN_STYLE = Automatic;
				DEVELOPMENT_TEAM = 7YWK9C69PH;
				INFOPLIST_FILE = CompleteiOSAWSDeveloper/Resource/Info.plist;
				LD_RUNPATH_SEARCH_PATHS = (
					"$(inherited)",
					"@executable_path/Frameworks",
				);
				PRODUCT_BUNDLE_IDENTIFIER = dalostoproductions.CompleteiOSAWSDeveloper;
				PRODUCT_NAME = "$(TARGET_NAME)";
				SWIFT_VERSION = 5.0;
				TARGETED_DEVICE_FAMILY = "1,2";
			};
			name = Debug;
		};
		DDE731B6265D440600DC042B /* Release */ = {
			isa = XCBuildConfiguration;
			buildSettings = {
				ASSETCATALOG_COMPILER_APPICON_NAME = AppIcon;
				ASSETCATALOG_COMPILER_GLOBAL_ACCENT_COLOR_NAME = AccentColor;
				CODE_SIGN_STYLE = Automatic;
				DEVELOPMENT_TEAM = 7YWK9C69PH;
				INFOPLIST_FILE = CompleteiOSAWSDeveloper/Resource/Info.plist;
				LD_RUNPATH_SEARCH_PATHS = (
					"$(inherited)",
					"@executable_path/Frameworks",
				);
				PRODUCT_BUNDLE_IDENTIFIER = dalostoproductions.CompleteiOSAWSDeveloper;
				PRODUCT_NAME = "$(TARGET_NAME)";
				SWIFT_VERSION = 5.0;
				TARGETED_DEVICE_FAMILY = "1,2";
			};
			name = Release;
		};
/* End XCBuildConfiguration section */

/* Begin XCConfigurationList section */
		DDE7319B265D440500DC042B /* Build configuration list for PBXProject "CompleteiOSAWSDeveloper" */ = {
			isa = XCConfigurationList;
			buildConfigurations = (
				DDE731B2265D440600DC042B /* Debug */,
				DDE731B3265D440600DC042B /* Release */,
			);
			defaultConfigurationIsVisible = 0;
			defaultConfigurationName = Release;
		};
		DDE731B4265D440600DC042B /* Build configuration list for PBXNativeTarget "CompleteiOSAWSDeveloper" */ = {
			isa = XCConfigurationList;
			buildConfigurations = (
				DDE731B5265D440600DC042B /* Debug */,
				DDE731B6265D440600DC042B /* Release */,
			);
			defaultConfigurationIsVisible = 0;
			defaultConfigurationName = Release;
		};
/* End XCConfigurationList section */

/* Begin XCRemoteSwiftPackageReference section */
		DD55D55D265EC1BE0090008A /* XCRemoteSwiftPackageReference "amplify-ios" */ = {
			isa = XCRemoteSwiftPackageReference;
			repositoryURL = "https://github.com/aws-amplify/amplify-ios";
			requirement = {
				kind = upToNextMajorVersion;
				minimumVersion = 1.9.2;
			};
		};
/* End XCRemoteSwiftPackageReference section */

/* Begin XCSwiftPackageProductDependency section */
		DD55D55E265EC1BE0090008A /* Amplify */ = {
			isa = XCSwiftPackageProductDependency;
			package = DD55D55D265EC1BE0090008A /* XCRemoteSwiftPackageReference "amplify-ios" */;
			productName = Amplify;
		};
		DD55D560265EC1BE0090008A /* AWSCognitoAuthPlugin */ = {
			isa = XCSwiftPackageProductDependency;
			package = DD55D55D265EC1BE0090008A /* XCRemoteSwiftPackageReference "amplify-ios" */;
			productName = AWSCognitoAuthPlugin;
		};
		DD55D562265EC1BE0090008A /* AWSS3StoragePlugin */ = {
			isa = XCSwiftPackageProductDependency;
			package = DD55D55D265EC1BE0090008A /* XCRemoteSwiftPackageReference "amplify-ios" */;
			productName = AWSS3StoragePlugin;
		};
		DD55D564265EC1BE0090008A /* AWSPluginsCore */ = {
			isa = XCSwiftPackageProductDependency;
			package = DD55D55D265EC1BE0090008A /* XCRemoteSwiftPackageReference "amplify-ios" */;
			productName = AWSPluginsCore;
		};
		DD55D566265EC1BE0090008A /* AWSPinpointAnalyticsPlugin */ = {
			isa = XCSwiftPackageProductDependency;
			package = DD55D55D265EC1BE0090008A /* XCRemoteSwiftPackageReference "amplify-ios" */;
			productName = AWSPinpointAnalyticsPlugin;
		};
		DD55D568265EC1BE0090008A /* AWSDataStorePlugin */ = {
			isa = XCSwiftPackageProductDependency;
			package = DD55D55D265EC1BE0090008A /* XCRemoteSwiftPackageReference "amplify-ios" */;
			productName = AWSDataStorePlugin;
		};
		DD55D56A265EC1BE0090008A /* AWSAPIPlugin */ = {
			isa = XCSwiftPackageProductDependency;
			package = DD55D55D265EC1BE0090008A /* XCRemoteSwiftPackageReference "amplify-ios" */;
			productName = AWSAPIPlugin;
		};
/* End XCSwiftPackageProductDependency section */
	};
	rootObject = DDE73198265D440500DC042B /* Project object */;
}
